// !$*UTF8*$!
{
	archiveVersion = 1;
	classes = {
	};
	objectVersion = 56;
	objects = {

/* Begin PBXBuildFile section */
		E90A11612ABCE302001C8D4F /* AppDelegate.swift in Sources */ = {isa = PBXBuildFile; fileRef = E90A11602ABCE302001C8D4F /* AppDelegate.swift */; };
		E90A11632ABCE302001C8D4F /* SceneDelegate.swift in Sources */ = {isa = PBXBuildFile; fileRef = E90A11622ABCE302001C8D4F /* SceneDelegate.swift */; };
		E90A11652ABCE302001C8D4F /* PokemonListVC.swift in Sources */ = {isa = PBXBuildFile; fileRef = E90A11642ABCE302001C8D4F /* PokemonListVC.swift */; };
		E90A116A2ABCE305001C8D4F /* Assets.xcassets in Resources */ = {isa = PBXBuildFile; fileRef = E90A11692ABCE305001C8D4F /* Assets.xcassets */; };
		E90A116D2ABCE305001C8D4F /* LaunchScreen.storyboard in Resources */ = {isa = PBXBuildFile; fileRef = E90A116B2ABCE305001C8D4F /* LaunchScreen.storyboard */; };
		E90A11922ABCE386001C8D4F /* SnapKit in Frameworks */ = {isa = PBXBuildFile; productRef = E90A11912ABCE386001C8D4F /* SnapKit */; };
		E90A119C2ABCF1F6001C8D4F /* Pokemon.swift in Sources */ = {isa = PBXBuildFile; fileRef = E90A119B2ABCF1F6001C8D4F /* Pokemon.swift */; };
		E90A119E2ABCF299001C8D4F /* PokemonsList.swift in Sources */ = {isa = PBXBuildFile; fileRef = E90A119D2ABCF299001C8D4F /* PokemonsList.swift */; };
		E90A11A22ABCF65F001C8D4F /* PokemonTableCell.swift in Sources */ = {isa = PBXBuildFile; fileRef = E90A11A12ABCF65F001C8D4F /* PokemonTableCell.swift */; };
		E90A11A52ABD00A3001C8D4F /* Alamofire in Frameworks */ = {isa = PBXBuildFile; productRef = E90A11A42ABD00A3001C8D4F /* Alamofire */; };
		E90A11A72ABD00E5001C8D4F /* PokemonsListInteractor.swift in Sources */ = {isa = PBXBuildFile; fileRef = E90A11A62ABD00E5001C8D4F /* PokemonsListInteractor.swift */; };
		E90A11A92ABD0A6D001C8D4F /* PokemonListPresenter.swift in Sources */ = {isa = PBXBuildFile; fileRef = E90A11A82ABD0A6D001C8D4F /* PokemonListPresenter.swift */; };
		E90A11AB2ABDBD53001C8D4F /* PokemonListRouter.swift in Sources */ = {isa = PBXBuildFile; fileRef = E90A11AA2ABDBD53001C8D4F /* PokemonListRouter.swift */; };
		E90A11AF2ABECA42001C8D4F /* SinglePokemon.swift in Sources */ = {isa = PBXBuildFile; fileRef = E90A11AE2ABECA42001C8D4F /* SinglePokemon.swift */; };
		E90A11B22ABEFB09001C8D4F /* SinglePokemonVC.swift in Sources */ = {isa = PBXBuildFile; fileRef = E90A11B12ABEFB09001C8D4F /* SinglePokemonVC.swift */; };
		E90A11B72ABF2161001C8D4F /* SinglePokemonInteractor.swift in Sources */ = {isa = PBXBuildFile; fileRef = E90A11B62ABF2161001C8D4F /* SinglePokemonInteractor.swift */; };
		E90A11B92ABF23A8001C8D4F /* SinglePokemonPresenter.swift in Sources */ = {isa = PBXBuildFile; fileRef = E90A11B82ABF23A8001C8D4F /* SinglePokemonPresenter.swift */; };
		E90A11BC2ABF9EC7001C8D4F /* AlamofireImage in Frameworks */ = {isa = PBXBuildFile; productRef = E90A11BB2ABF9EC7001C8D4F /* AlamofireImage */; };
		E90A11BF2AC04105001C8D4F /* Constants.swift in Sources */ = {isa = PBXBuildFile; fileRef = E90A11BE2AC04105001C8D4F /* Constants.swift */; };
		E90D25FA2AC08AD2009F37DE /* SessionErrors.swift in Sources */ = {isa = PBXBuildFile; fileRef = E90D25F92AC08AD1009F37DE /* SessionErrors.swift */; };
		E96144472ACF4178008176FB /* Localizable.strings in Resources */ = {isa = PBXBuildFile; fileRef = E96144492ACF4178008176FB /* Localizable.strings */; };
		E961444C2ACF45EE008176FB /* LocalizationAdapter.swift in Sources */ = {isa = PBXBuildFile; fileRef = E961444B2ACF45EE008176FB /* LocalizationAdapter.swift */; };
		E96144502AD07219008176FB /* AlamofireManager.swift in Sources */ = {isa = PBXBuildFile; fileRef = E961444F2AD07219008176FB /* AlamofireManager.swift */; };
		E96144562AD2B438008176FB /* Realm in Frameworks */ = {isa = PBXBuildFile; productRef = E96144552AD2B438008176FB /* Realm */; };
		E96144582AD2BDD6008176FB /* NetworkServiceTests.swift in Sources */ = {isa = PBXBuildFile; fileRef = E96144572AD2BDD6008176FB /* NetworkServiceTests.swift */; };
		E9BDB86F2AC0DDC70051138B /* Realm in Frameworks */ = {isa = PBXBuildFile; productRef = E9BDB86E2AC0DDC70051138B /* Realm */; };
		E9BDB8712AC0DDC70051138B /* RealmSwift in Frameworks */ = {isa = PBXBuildFile; productRef = E9BDB8702AC0DDC70051138B /* RealmSwift */; };
		E9BDB8742AC0DE860051138B /* RealmManager.swift in Sources */ = {isa = PBXBuildFile; fileRef = E9BDB8732AC0DE860051138B /* RealmManager.swift */; };
		E9BDB8762AC0DEC90051138B /* PokemonData.swift in Sources */ = {isa = PBXBuildFile; fileRef = E9BDB8752AC0DEC90051138B /* PokemonData.swift */; };
		E9BDB8782AC0DEDD0051138B /* PokemonListData.swift in Sources */ = {isa = PBXBuildFile; fileRef = E9BDB8772AC0DEDD0051138B /* PokemonListData.swift */; };
/* End PBXBuildFile section */

/* Begin PBXContainerItemProxy section */
		E90A11742ABCE305001C8D4F /* PBXContainerItemProxy */ = {
			isa = PBXContainerItemProxy;
			containerPortal = E90A11552ABCE302001C8D4F /* Project object */;
			proxyType = 1;
			remoteGlobalIDString = E90A115C2ABCE302001C8D4F;
			remoteInfo = PokeBook;
		};
/* End PBXContainerItemProxy section */

/* Begin PBXFileReference section */
		E90A115D2ABCE302001C8D4F /* PokeBook.app */ = {isa = PBXFileReference; explicitFileType = wrapper.application; includeInIndex = 0; path = PokeBook.app; sourceTree = BUILT_PRODUCTS_DIR; };
		E90A11602ABCE302001C8D4F /* AppDelegate.swift */ = {isa = PBXFileReference; lastKnownFileType = sourcecode.swift; path = AppDelegate.swift; sourceTree = "<group>"; };
		E90A11622ABCE302001C8D4F /* SceneDelegate.swift */ = {isa = PBXFileReference; lastKnownFileType = sourcecode.swift; path = SceneDelegate.swift; sourceTree = "<group>"; };
		E90A11642ABCE302001C8D4F /* PokemonListVC.swift */ = {isa = PBXFileReference; lastKnownFileType = sourcecode.swift; path = PokemonListVC.swift; sourceTree = "<group>"; };
		E90A11692ABCE305001C8D4F /* Assets.xcassets */ = {isa = PBXFileReference; lastKnownFileType = folder.assetcatalog; path = Assets.xcassets; sourceTree = "<group>"; };
		E90A116C2ABCE305001C8D4F /* Base */ = {isa = PBXFileReference; lastKnownFileType = file.storyboard; name = Base; path = Base.lproj/LaunchScreen.storyboard; sourceTree = "<group>"; };
		E90A116E2ABCE305001C8D4F /* Info.plist */ = {isa = PBXFileReference; lastKnownFileType = text.plist.xml; path = Info.plist; sourceTree = "<group>"; };
		E90A11732ABCE305001C8D4F /* PokeBookTests.xctest */ = {isa = PBXFileReference; explicitFileType = wrapper.cfbundle; includeInIndex = 0; path = PokeBookTests.xctest; sourceTree = BUILT_PRODUCTS_DIR; };
		E90A119B2ABCF1F6001C8D4F /* Pokemon.swift */ = {isa = PBXFileReference; lastKnownFileType = sourcecode.swift; path = Pokemon.swift; sourceTree = "<group>"; };
		E90A119D2ABCF299001C8D4F /* PokemonsList.swift */ = {isa = PBXFileReference; lastKnownFileType = sourcecode.swift; path = PokemonsList.swift; sourceTree = "<group>"; };
		E90A11A12ABCF65F001C8D4F /* PokemonTableCell.swift */ = {isa = PBXFileReference; lastKnownFileType = sourcecode.swift; path = PokemonTableCell.swift; sourceTree = "<group>"; };
		E90A11A62ABD00E5001C8D4F /* PokemonsListInteractor.swift */ = {isa = PBXFileReference; lastKnownFileType = sourcecode.swift; path = PokemonsListInteractor.swift; sourceTree = "<group>"; };
		E90A11A82ABD0A6D001C8D4F /* PokemonListPresenter.swift */ = {isa = PBXFileReference; lastKnownFileType = sourcecode.swift; path = PokemonListPresenter.swift; sourceTree = "<group>"; };
		E90A11AA2ABDBD53001C8D4F /* PokemonListRouter.swift */ = {isa = PBXFileReference; lastKnownFileType = sourcecode.swift; path = PokemonListRouter.swift; sourceTree = "<group>"; };
		E90A11AE2ABECA42001C8D4F /* SinglePokemon.swift */ = {isa = PBXFileReference; lastKnownFileType = sourcecode.swift; path = SinglePokemon.swift; sourceTree = "<group>"; };
		E90A11B12ABEFB09001C8D4F /* SinglePokemonVC.swift */ = {isa = PBXFileReference; lastKnownFileType = sourcecode.swift; path = SinglePokemonVC.swift; sourceTree = "<group>"; };
		E90A11B62ABF2161001C8D4F /* SinglePokemonInteractor.swift */ = {isa = PBXFileReference; lastKnownFileType = sourcecode.swift; path = SinglePokemonInteractor.swift; sourceTree = "<group>"; };
		E90A11B82ABF23A8001C8D4F /* SinglePokemonPresenter.swift */ = {isa = PBXFileReference; lastKnownFileType = sourcecode.swift; path = SinglePokemonPresenter.swift; sourceTree = "<group>"; };
		E90A11BE2AC04105001C8D4F /* Constants.swift */ = {isa = PBXFileReference; lastKnownFileType = sourcecode.swift; path = Constants.swift; sourceTree = "<group>"; };
		E90D25F92AC08AD1009F37DE /* SessionErrors.swift */ = {isa = PBXFileReference; lastKnownFileType = sourcecode.swift; path = SessionErrors.swift; sourceTree = "<group>"; };
		E96144482ACF4178008176FB /* en */ = {isa = PBXFileReference; lastKnownFileType = text.plist.strings; name = en; path = en.lproj/Localizable.strings; sourceTree = "<group>"; };
		E961444A2ACF41B5008176FB /* ru */ = {isa = PBXFileReference; lastKnownFileType = text.plist.strings; name = ru; path = ru.lproj/Localizable.strings; sourceTree = "<group>"; };
		E961444B2ACF45EE008176FB /* LocalizationAdapter.swift */ = {isa = PBXFileReference; lastKnownFileType = sourcecode.swift; path = LocalizationAdapter.swift; sourceTree = "<group>"; };
		E961444F2AD07219008176FB /* AlamofireManager.swift */ = {isa = PBXFileReference; lastKnownFileType = sourcecode.swift; path = AlamofireManager.swift; sourceTree = "<group>"; };
		E96144572AD2BDD6008176FB /* NetworkServiceTests.swift */ = {isa = PBXFileReference; lastKnownFileType = sourcecode.swift; path = NetworkServiceTests.swift; sourceTree = "<group>"; };
		E9BDB8732AC0DE860051138B /* RealmManager.swift */ = {isa = PBXFileReference; lastKnownFileType = sourcecode.swift; path = RealmManager.swift; sourceTree = "<group>"; };
		E9BDB8752AC0DEC90051138B /* PokemonData.swift */ = {isa = PBXFileReference; lastKnownFileType = sourcecode.swift; path = PokemonData.swift; sourceTree = "<group>"; };
		E9BDB8772AC0DEDD0051138B /* PokemonListData.swift */ = {isa = PBXFileReference; lastKnownFileType = sourcecode.swift; path = PokemonListData.swift; sourceTree = "<group>"; };
/* End PBXFileReference section */

/* Begin PBXFrameworksBuildPhase section */
		E90A115A2ABCE302001C8D4F /* Frameworks */ = {
			isa = PBXFrameworksBuildPhase;
			buildActionMask = 2147483647;
			files = (
				E90A11922ABCE386001C8D4F /* SnapKit in Frameworks */,
				E90A11A52ABD00A3001C8D4F /* Alamofire in Frameworks */,
				E9BDB86F2AC0DDC70051138B /* Realm in Frameworks */,
				E9BDB8712AC0DDC70051138B /* RealmSwift in Frameworks */,
				E90A11BC2ABF9EC7001C8D4F /* AlamofireImage in Frameworks */,
			);
			runOnlyForDeploymentPostprocessing = 0;
		};
		E90A11702ABCE305001C8D4F /* Frameworks */ = {
			isa = PBXFrameworksBuildPhase;
			buildActionMask = 2147483647;
			files = (
				E96144562AD2B438008176FB /* Realm in Frameworks */,
			);
			runOnlyForDeploymentPostprocessing = 0;
		};
/* End PBXFrameworksBuildPhase section */

/* Begin PBXGroup section */
		E90A11542ABCE302001C8D4F = {
			isa = PBXGroup;
			children = (
				E90A115F2ABCE302001C8D4F /* PokeBook */,
				E90A11762ABCE305001C8D4F /* PokeBookTests */,
				E90A115E2ABCE302001C8D4F /* Products */,
				E96144542AD2B438008176FB /* Frameworks */,
			);
			sourceTree = "<group>";
		};
		E90A115E2ABCE302001C8D4F /* Products */ = {
			isa = PBXGroup;
			children = (
				E90A115D2ABCE302001C8D4F /* PokeBook.app */,
				E90A11732ABCE305001C8D4F /* PokeBookTests.xctest */,
			);
			name = Products;
			sourceTree = "<group>";
		};
		E90A115F2ABCE302001C8D4F /* PokeBook */ = {
			isa = PBXGroup;
			children = (
				E961444D2AD071DA008176FB /* Services */,
				E96144442ACF4139008176FB /* Localization */,
				E90A11BD2AC0408D001C8D4F /* Utility */,
				E90A11942ABCEFE7001C8D4F /* Modules */,
				E90A11932ABCEE1A001C8D4F /* App */,
				E90A11692ABCE305001C8D4F /* Assets.xcassets */,
				E90A116B2ABCE305001C8D4F /* LaunchScreen.storyboard */,
				E90A116E2ABCE305001C8D4F /* Info.plist */,
			);
			path = PokeBook;
			sourceTree = "<group>";
		};
		E90A11762ABCE305001C8D4F /* PokeBookTests */ = {
			isa = PBXGroup;
			children = (
				E96144572AD2BDD6008176FB /* NetworkServiceTests.swift */,
			);
			path = PokeBookTests;
			sourceTree = "<group>";
		};
		E90A11932ABCEE1A001C8D4F /* App */ = {
			isa = PBXGroup;
			children = (
				E90A11602ABCE302001C8D4F /* AppDelegate.swift */,
				E90A11622ABCE302001C8D4F /* SceneDelegate.swift */,
			);
			path = App;
			sourceTree = "<group>";
		};
		E90A11942ABCEFE7001C8D4F /* Modules */ = {
			isa = PBXGroup;
			children = (
				E90A11952ABCEFFC001C8D4F /* PokemonList */,
				E90A11AC2ABEC7E4001C8D4F /* SinglePokemon */,
			);
			path = Modules;
			sourceTree = "<group>";
		};
		E90A11952ABCEFFC001C8D4F /* PokemonList */ = {
			isa = PBXGroup;
			children = (
				E90A119A2ABCF0EB001C8D4F /* Presenter */,
				E90A11992ABCF0E3001C8D4F /* Router */,
				E90A11982ABCF0C5001C8D4F /* Entity */,
				E90A11962ABCF035001C8D4F /* View */,
				E90A11972ABCF07D001C8D4F /* Interactor */,
			);
			path = PokemonList;
			sourceTree = "<group>";
		};
		E90A11962ABCF035001C8D4F /* View */ = {
			isa = PBXGroup;
			children = (
				E90A11642ABCE302001C8D4F /* PokemonListVC.swift */,
				E90A11A12ABCF65F001C8D4F /* PokemonTableCell.swift */,
			);
			path = View;
			sourceTree = "<group>";
		};
		E90A11972ABCF07D001C8D4F /* Interactor */ = {
			isa = PBXGroup;
			children = (
				E90A11A62ABD00E5001C8D4F /* PokemonsListInteractor.swift */,
			);
			path = Interactor;
			sourceTree = "<group>";
		};
		E90A11982ABCF0C5001C8D4F /* Entity */ = {
			isa = PBXGroup;
			children = (
				E90A119B2ABCF1F6001C8D4F /* Pokemon.swift */,
				E90A119D2ABCF299001C8D4F /* PokemonsList.swift */,
			);
			path = Entity;
			sourceTree = "<group>";
		};
		E90A11992ABCF0E3001C8D4F /* Router */ = {
			isa = PBXGroup;
			children = (
				E90A11AA2ABDBD53001C8D4F /* PokemonListRouter.swift */,
			);
			path = Router;
			sourceTree = "<group>";
		};
		E90A119A2ABCF0EB001C8D4F /* Presenter */ = {
			isa = PBXGroup;
			children = (
				E90A11A82ABD0A6D001C8D4F /* PokemonListPresenter.swift */,
			);
			path = Presenter;
			sourceTree = "<group>";
		};
		E90A11AC2ABEC7E4001C8D4F /* SinglePokemon */ = {
			isa = PBXGroup;
			children = (
				E90A11B52ABF2138001C8D4F /* Interactor */,
				E90A11B42ABF2127001C8D4F /* Presenter */,
				E90A11B02ABEFABB001C8D4F /* View */,
				E90A11AD2ABEC7FC001C8D4F /* Entity */,
			);
			path = SinglePokemon;
			sourceTree = "<group>";
		};
		E90A11AD2ABEC7FC001C8D4F /* Entity */ = {
			isa = PBXGroup;
			children = (
				E90A11AE2ABECA42001C8D4F /* SinglePokemon.swift */,
			);
			path = Entity;
			sourceTree = "<group>";
		};
		E90A11B02ABEFABB001C8D4F /* View */ = {
			isa = PBXGroup;
			children = (
				E90A11B12ABEFB09001C8D4F /* SinglePokemonVC.swift */,
			);
			path = View;
			sourceTree = "<group>";
		};
		E90A11B42ABF2127001C8D4F /* Presenter */ = {
			isa = PBXGroup;
			children = (
				E90A11B82ABF23A8001C8D4F /* SinglePokemonPresenter.swift */,
			);
			path = Presenter;
			sourceTree = "<group>";
		};
		E90A11B52ABF2138001C8D4F /* Interactor */ = {
			isa = PBXGroup;
			children = (
				E90A11B62ABF2161001C8D4F /* SinglePokemonInteractor.swift */,
			);
			path = Interactor;
			sourceTree = "<group>";
		};
		E90A11BD2AC0408D001C8D4F /* Utility */ = {
			isa = PBXGroup;
			children = (
				E90D25F92AC08AD1009F37DE /* SessionErrors.swift */,
			);
			path = Utility;
			sourceTree = "<group>";
		};
		E96144442ACF4139008176FB /* Localization */ = {
			isa = PBXGroup;
			children = (
				E96144492ACF4178008176FB /* Localizable.strings */,
				E961444B2ACF45EE008176FB /* LocalizationAdapter.swift */,
			);
			path = Localization;
			sourceTree = "<group>";
		};
		E961444D2AD071DA008176FB /* Services */ = {
			isa = PBXGroup;
			children = (
				E961444E2AD071EA008176FB /* Network */,
				E9BDB8722AC0DE090051138B /* Database */,
			);
			path = Services;
			sourceTree = "<group>";
		};
		E961444E2AD071EA008176FB /* Network */ = {
			isa = PBXGroup;
			children = (
				E961444F2AD07219008176FB /* AlamofireManager.swift */,
				E90A11BE2AC04105001C8D4F /* Constants.swift */,
			);
			path = Network;
			sourceTree = "<group>";
		};
		E96144542AD2B438008176FB /* Frameworks */ = {
			isa = PBXGroup;
			children = (
			);
			name = Frameworks;
			sourceTree = "<group>";
		};
		E9BDB8722AC0DE090051138B /* Database */ = {
			isa = PBXGroup;
			children = (
				E9BDB8732AC0DE860051138B /* RealmManager.swift */,
				E9BDB8752AC0DEC90051138B /* PokemonData.swift */,
				E9BDB8772AC0DEDD0051138B /* PokemonListData.swift */,
			);
			path = Database;
			sourceTree = "<group>";
		};
/* End PBXGroup section */

/* Begin PBXNativeTarget section */
		E90A115C2ABCE302001C8D4F /* PokeBook */ = {
			isa = PBXNativeTarget;
			buildConfigurationList = E90A11872ABCE306001C8D4F /* Build configuration list for PBXNativeTarget "PokeBook" */;
			buildPhases = (
				E90A11592ABCE302001C8D4F /* Sources */,
				E90A115A2ABCE302001C8D4F /* Frameworks */,
				E90A115B2ABCE302001C8D4F /* Resources */,
			);
			buildRules = (
			);
			dependencies = (
			);
			name = PokeBook;
			packageProductDependencies = (
				E90A11912ABCE386001C8D4F /* SnapKit */,
				E90A11A42ABD00A3001C8D4F /* Alamofire */,
				E90A11BB2ABF9EC7001C8D4F /* AlamofireImage */,
				E9BDB86E2AC0DDC70051138B /* Realm */,
				E9BDB8702AC0DDC70051138B /* RealmSwift */,
			);
			productName = PokeBook;
			productReference = E90A115D2ABCE302001C8D4F /* PokeBook.app */;
			productType = "com.apple.product-type.application";
		};
		E90A11722ABCE305001C8D4F /* PokeBookTests */ = {
			isa = PBXNativeTarget;
			buildConfigurationList = E90A118A2ABCE306001C8D4F /* Build configuration list for PBXNativeTarget "PokeBookTests" */;
			buildPhases = (
				E90A116F2ABCE305001C8D4F /* Sources */,
				E90A11702ABCE305001C8D4F /* Frameworks */,
				E90A11712ABCE305001C8D4F /* Resources */,
			);
			buildRules = (
			);
			dependencies = (
				E90A11752ABCE305001C8D4F /* PBXTargetDependency */,
			);
			name = PokeBookTests;
			packageProductDependencies = (
				E96144552AD2B438008176FB /* Realm */,
			);
			productName = PokeBookTests;
			productReference = E90A11732ABCE305001C8D4F /* PokeBookTests.xctest */;
			productType = "com.apple.product-type.bundle.unit-test";
		};
/* End PBXNativeTarget section */

/* Begin PBXProject section */
		E90A11552ABCE302001C8D4F /* Project object */ = {
			isa = PBXProject;
			attributes = {
				BuildIndependentTargetsInParallel = 1;
				LastSwiftUpdateCheck = 1430;
				LastUpgradeCheck = 1430;
				TargetAttributes = {
					E90A115C2ABCE302001C8D4F = {
						CreatedOnToolsVersion = 14.3;
					};
					E90A11722ABCE305001C8D4F = {
						CreatedOnToolsVersion = 14.3;
						TestTargetID = E90A115C2ABCE302001C8D4F;
					};
				};
			};
			buildConfigurationList = E90A11582ABCE302001C8D4F /* Build configuration list for PBXProject "PokeBook" */;
			compatibilityVersion = "Xcode 14.0";
			developmentRegion = en;
			hasScannedForEncodings = 0;
			knownRegions = (
				en,
				Base,
				ru,
			);
			mainGroup = E90A11542ABCE302001C8D4F;
			packageReferences = (
				E90A11902ABCE386001C8D4F /* XCRemoteSwiftPackageReference "SnapKit" */,
				E90A11A32ABD00A3001C8D4F /* XCRemoteSwiftPackageReference "Alamofire" */,
				E90A11BA2ABF9EC7001C8D4F /* XCRemoteSwiftPackageReference "AlamofireImage" */,
				E9BDB86D2AC0DDC70051138B /* XCRemoteSwiftPackageReference "realm-swift" */,
			);
			productRefGroup = E90A115E2ABCE302001C8D4F /* Products */;
			projectDirPath = "";
			projectRoot = "";
			targets = (
				E90A115C2ABCE302001C8D4F /* PokeBook */,
				E90A11722ABCE305001C8D4F /* PokeBookTests */,
			);
		};
/* End PBXProject section */

/* Begin PBXResourcesBuildPhase section */
		E90A115B2ABCE302001C8D4F /* Resources */ = {
			isa = PBXResourcesBuildPhase;
			buildActionMask = 2147483647;
			files = (
				E90A116D2ABCE305001C8D4F /* LaunchScreen.storyboard in Resources */,
				E96144472ACF4178008176FB /* Localizable.strings in Resources */,
				E90A116A2ABCE305001C8D4F /* Assets.xcassets in Resources */,
			);
			runOnlyForDeploymentPostprocessing = 0;
		};
		E90A11712ABCE305001C8D4F /* Resources */ = {
			isa = PBXResourcesBuildPhase;
			buildActionMask = 2147483647;
			files = (
			);
			runOnlyForDeploymentPostprocessing = 0;
		};
/* End PBXResourcesBuildPhase section */

/* Begin PBXSourcesBuildPhase section */
		E90A11592ABCE302001C8D4F /* Sources */ = {
			isa = PBXSourcesBuildPhase;
			buildActionMask = 2147483647;
			files = (
				E9BDB8762AC0DEC90051138B /* PokemonData.swift in Sources */,
				E90A11A22ABCF65F001C8D4F /* PokemonTableCell.swift in Sources */,
				E90A11AF2ABECA42001C8D4F /* SinglePokemon.swift in Sources */,
				E90A11652ABCE302001C8D4F /* PokemonListVC.swift in Sources */,
				E90A11AB2ABDBD53001C8D4F /* PokemonListRouter.swift in Sources */,
				E9BDB8782AC0DEDD0051138B /* PokemonListData.swift in Sources */,
				E90A11A92ABD0A6D001C8D4F /* PokemonListPresenter.swift in Sources */,
				E90A119E2ABCF299001C8D4F /* PokemonsList.swift in Sources */,
				E96144502AD07219008176FB /* AlamofireManager.swift in Sources */,
				E90A11B22ABEFB09001C8D4F /* SinglePokemonVC.swift in Sources */,
				E90A119C2ABCF1F6001C8D4F /* Pokemon.swift in Sources */,
				E90A11612ABCE302001C8D4F /* AppDelegate.swift in Sources */,
				E9BDB8742AC0DE860051138B /* RealmManager.swift in Sources */,
				E90A11632ABCE302001C8D4F /* SceneDelegate.swift in Sources */,
				E961444C2ACF45EE008176FB /* LocalizationAdapter.swift in Sources */,
				E90A11B92ABF23A8001C8D4F /* SinglePokemonPresenter.swift in Sources */,
				E90D25FA2AC08AD2009F37DE /* SessionErrors.swift in Sources */,
				E90A11BF2AC04105001C8D4F /* Constants.swift in Sources */,
				E90A11B72ABF2161001C8D4F /* SinglePokemonInteractor.swift in Sources */,
				E90A11A72ABD00E5001C8D4F /* PokemonsListInteractor.swift in Sources */,
			);
			runOnlyForDeploymentPostprocessing = 0;
		};
		E90A116F2ABCE305001C8D4F /* Sources */ = {
			isa = PBXSourcesBuildPhase;
			buildActionMask = 2147483647;
			files = (
				E96144582AD2BDD6008176FB /* NetworkServiceTests.swift in Sources */,
			);
			runOnlyForDeploymentPostprocessing = 0;
		};
/* End PBXSourcesBuildPhase section */

/* Begin PBXTargetDependency section */
		E90A11752ABCE305001C8D4F /* PBXTargetDependency */ = {
			isa = PBXTargetDependency;
			target = E90A115C2ABCE302001C8D4F /* PokeBook */;
			targetProxy = E90A11742ABCE305001C8D4F /* PBXContainerItemProxy */;
		};
/* End PBXTargetDependency section */

/* Begin PBXVariantGroup section */
		E90A116B2ABCE305001C8D4F /* LaunchScreen.storyboard */ = {
			isa = PBXVariantGroup;
			children = (
				E90A116C2ABCE305001C8D4F /* Base */,
			);
			name = LaunchScreen.storyboard;
			sourceTree = "<group>";
		};
		E96144492ACF4178008176FB /* Localizable.strings */ = {
			isa = PBXVariantGroup;
			children = (
				E96144482ACF4178008176FB /* en */,
				E961444A2ACF41B5008176FB /* ru */,
			);
			name = Localizable.strings;
			sourceTree = "<group>";
		};
/* End PBXVariantGroup section */

/* Begin XCBuildConfiguration section */
		E90A11852ABCE306001C8D4F /* Debug */ = {
			isa = XCBuildConfiguration;
			buildSettings = {
				ALWAYS_SEARCH_USER_PATHS = NO;
				CLANG_ANALYZER_LOCALIZABILITY_NONLOCALIZED = YES;
				CLANG_ANALYZER_NONNULL = YES;
				CLANG_ANALYZER_NUMBER_OBJECT_CONVERSION = YES_AGGRESSIVE;
				CLANG_CXX_LANGUAGE_STANDARD = "gnu++20";
				CLANG_ENABLE_MODULES = YES;
				CLANG_ENABLE_OBJC_ARC = YES;
				CLANG_ENABLE_OBJC_WEAK = YES;
				CLANG_WARN_BLOCK_CAPTURE_AUTORELEASING = YES;
				CLANG_WARN_BOOL_CONVERSION = YES;
				CLANG_WARN_COMMA = YES;
				CLANG_WARN_CONSTANT_CONVERSION = YES;
				CLANG_WARN_DEPRECATED_OBJC_IMPLEMENTATIONS = YES;
				CLANG_WARN_DIRECT_OBJC_ISA_USAGE = YES_ERROR;
				CLANG_WARN_DOCUMENTATION_COMMENTS = YES;
				CLANG_WARN_EMPTY_BODY = YES;
				CLANG_WARN_ENUM_CONVERSION = YES;
				CLANG_WARN_INFINITE_RECURSION = YES;
				CLANG_WARN_INT_CONVERSION = YES;
				CLANG_WARN_NON_LITERAL_NULL_CONVERSION = YES;
				CLANG_WARN_OBJC_IMPLICIT_RETAIN_SELF = YES;
				CLANG_WARN_OBJC_LITERAL_CONVERSION = YES;
				CLANG_WARN_OBJC_ROOT_CLASS = YES_ERROR;
				CLANG_WARN_QUOTED_INCLUDE_IN_FRAMEWORK_HEADER = YES;
				CLANG_WARN_RANGE_LOOP_ANALYSIS = YES;
				CLANG_WARN_STRICT_PROTOTYPES = YES;
				CLANG_WARN_SUSPICIOUS_MOVE = YES;
				CLANG_WARN_UNGUARDED_AVAILABILITY = YES_AGGRESSIVE;
				CLANG_WARN_UNREACHABLE_CODE = YES;
				CLANG_WARN__DUPLICATE_METHOD_MATCH = YES;
				COPY_PHASE_STRIP = NO;
				DEBUG_INFORMATION_FORMAT = dwarf;
				ENABLE_STRICT_OBJC_MSGSEND = YES;
				ENABLE_TESTABILITY = YES;
				GCC_C_LANGUAGE_STANDARD = gnu11;
				GCC_DYNAMIC_NO_PIC = NO;
				GCC_NO_COMMON_BLOCKS = YES;
				GCC_OPTIMIZATION_LEVEL = 0;
				GCC_PREPROCESSOR_DEFINITIONS = (
					"DEBUG=1",
					"$(inherited)",
				);
				GCC_WARN_64_TO_32_BIT_CONVERSION = YES;
				GCC_WARN_ABOUT_RETURN_TYPE = YES_ERROR;
				GCC_WARN_UNDECLARED_SELECTOR = YES;
				GCC_WARN_UNINITIALIZED_AUTOS = YES_AGGRESSIVE;
				GCC_WARN_UNUSED_FUNCTION = YES;
				GCC_WARN_UNUSED_VARIABLE = YES;
				IPHONEOS_DEPLOYMENT_TARGET = 16.4;
				MTL_ENABLE_DEBUG_INFO = INCLUDE_SOURCE;
				MTL_FAST_MATH = YES;
				ONLY_ACTIVE_ARCH = YES;
				SDKROOT = iphoneos;
				SWIFT_ACTIVE_COMPILATION_CONDITIONS = DEBUG;
				SWIFT_OPTIMIZATION_LEVEL = "-Onone";
			};
			name = Debug;
		};
		E90A11862ABCE306001C8D4F /* Release */ = {
			isa = XCBuildConfiguration;
			buildSettings = {
				ALWAYS_SEARCH_USER_PATHS = NO;
				CLANG_ANALYZER_LOCALIZABILITY_NONLOCALIZED = YES;
				CLANG_ANALYZER_NONNULL = YES;
				CLANG_ANALYZER_NUMBER_OBJECT_CONVERSION = YES_AGGRESSIVE;
				CLANG_CXX_LANGUAGE_STANDARD = "gnu++20";
				CLANG_ENABLE_MODULES = YES;
				CLANG_ENABLE_OBJC_ARC = YES;
				CLANG_ENABLE_OBJC_WEAK = YES;
				CLANG_WARN_BLOCK_CAPTURE_AUTORELEASING = YES;
				CLANG_WARN_BOOL_CONVERSION = YES;
				CLANG_WARN_COMMA = YES;
				CLANG_WARN_CONSTANT_CONVERSION = YES;
				CLANG_WARN_DEPRECATED_OBJC_IMPLEMENTATIONS = YES;
				CLANG_WARN_DIRECT_OBJC_ISA_USAGE = YES_ERROR;
				CLANG_WARN_DOCUMENTATION_COMMENTS = YES;
				CLANG_WARN_EMPTY_BODY = YES;
				CLANG_WARN_ENUM_CONVERSION = YES;
				CLANG_WARN_INFINITE_RECURSION = YES;
				CLANG_WARN_INT_CONVERSION = YES;
				CLANG_WARN_NON_LITERAL_NULL_CONVERSION = YES;
				CLANG_WARN_OBJC_IMPLICIT_RETAIN_SELF = YES;
				CLANG_WARN_OBJC_LITERAL_CONVERSION = YES;
				CLANG_WARN_OBJC_ROOT_CLASS = YES_ERROR;
				CLANG_WARN_QUOTED_INCLUDE_IN_FRAMEWORK_HEADER = YES;
				CLANG_WARN_RANGE_LOOP_ANALYSIS = YES;
				CLANG_WARN_STRICT_PROTOTYPES = YES;
				CLANG_WARN_SUSPICIOUS_MOVE = YES;
				CLANG_WARN_UNGUARDED_AVAILABILITY = YES_AGGRESSIVE;
				CLANG_WARN_UNREACHABLE_CODE = YES;
				CLANG_WARN__DUPLICATE_METHOD_MATCH = YES;
				COPY_PHASE_STRIP = NO;
				DEBUG_INFORMATION_FORMAT = "dwarf-with-dsym";
				ENABLE_NS_ASSERTIONS = NO;
				ENABLE_STRICT_OBJC_MSGSEND = YES;
				GCC_C_LANGUAGE_STANDARD = gnu11;
				GCC_NO_COMMON_BLOCKS = YES;
				GCC_WARN_64_TO_32_BIT_CONVERSION = YES;
				GCC_WARN_ABOUT_RETURN_TYPE = YES_ERROR;
				GCC_WARN_UNDECLARED_SELECTOR = YES;
				GCC_WARN_UNINITIALIZED_AUTOS = YES_AGGRESSIVE;
				GCC_WARN_UNUSED_FUNCTION = YES;
				GCC_WARN_UNUSED_VARIABLE = YES;
				IPHONEOS_DEPLOYMENT_TARGET = 16.4;
				MTL_ENABLE_DEBUG_INFO = NO;
				MTL_FAST_MATH = YES;
				SDKROOT = iphoneos;
				SWIFT_COMPILATION_MODE = wholemodule;
				SWIFT_OPTIMIZATION_LEVEL = "-O";
				VALIDATE_PRODUCT = YES;
			};
			name = Release;
		};
		E90A11882ABCE306001C8D4F /* Debug */ = {
			isa = XCBuildConfiguration;
			buildSettings = {
				ASSETCATALOG_COMPILER_APPICON_NAME = AppIcon;
				ASSETCATALOG_COMPILER_GLOBAL_ACCENT_COLOR_NAME = AccentColor;
				CODE_SIGN_STYLE = Automatic;
				CURRENT_PROJECT_VERSION = 1;
				DEVELOPMENT_TEAM = ZQDMWA8UZ4;
				GENERATE_INFOPLIST_FILE = YES;
				INFOPLIST_FILE = PokeBook/Info.plist;
				INFOPLIST_KEY_UIApplicationSupportsIndirectInputEvents = YES;
				INFOPLIST_KEY_UILaunchStoryboardName = LaunchScreen;
				INFOPLIST_KEY_UISupportedInterfaceOrientations = UIInterfaceOrientationPortrait;
				INFOPLIST_KEY_UISupportedInterfaceOrientations_iPad = "UIInterfaceOrientationLandscapeLeft UIInterfaceOrientationLandscapeRight UIInterfaceOrientationPortrait UIInterfaceOrientationPortraitUpsideDown";
				IPHONEOS_DEPLOYMENT_TARGET = 16.0;
				LD_RUNPATH_SEARCH_PATHS = (
					"$(inherited)",
					"@executable_path/Frameworks",
				);
				MARKETING_VERSION = 1.0;
				PRODUCT_BUNDLE_IDENTIFIER = com.pz.PokeBook;
				PRODUCT_NAME = "$(TARGET_NAME)";
				SUPPORTED_PLATFORMS = "iphoneos iphonesimulator";
				SUPPORTS_MACCATALYST = NO;
				SUPPORTS_MAC_DESIGNED_FOR_IPHONE_IPAD = NO;
				SWIFT_EMIT_LOC_STRINGS = YES;
				SWIFT_VERSION = 5.0;
				TARGETED_DEVICE_FAMILY = 1;
			};
			name = Debug;
		};
		E90A11892ABCE306001C8D4F /* Release */ = {
			isa = XCBuildConfiguration;
			buildSettings = {
				ASSETCATALOG_COMPILER_APPICON_NAME = AppIcon;
				ASSETCATALOG_COMPILER_GLOBAL_ACCENT_COLOR_NAME = AccentColor;
				CODE_SIGN_STYLE = Automatic;
				CURRENT_PROJECT_VERSION = 1;
				DEVELOPMENT_TEAM = ZQDMWA8UZ4;
				GENERATE_INFOPLIST_FILE = YES;
				INFOPLIST_FILE = PokeBook/Info.plist;
				INFOPLIST_KEY_UIApplicationSupportsIndirectInputEvents = YES;
				INFOPLIST_KEY_UILaunchStoryboardName = LaunchScreen;
				INFOPLIST_KEY_UISupportedInterfaceOrientations = UIInterfaceOrientationPortrait;
				INFOPLIST_KEY_UISupportedInterfaceOrientations_iPad = "UIInterfaceOrientationLandscapeLeft UIInterfaceOrientationLandscapeRight UIInterfaceOrientationPortrait UIInterfaceOrientationPortraitUpsideDown";
				IPHONEOS_DEPLOYMENT_TARGET = 16.0;
				LD_RUNPATH_SEARCH_PATHS = (
					"$(inherited)",
					"@executable_path/Frameworks",
				);
				MARKETING_VERSION = 1.0;
				PRODUCT_BUNDLE_IDENTIFIER = com.pz.PokeBook;
				PRODUCT_NAME = "$(TARGET_NAME)";
				SUPPORTED_PLATFORMS = "iphoneos iphonesimulator";
				SUPPORTS_MACCATALYST = NO;
				SUPPORTS_MAC_DESIGNED_FOR_IPHONE_IPAD = NO;
				SWIFT_EMIT_LOC_STRINGS = YES;
				SWIFT_VERSION = 5.0;
				TARGETED_DEVICE_FAMILY = 1;
			};
			name = Release;
		};
		E90A118B2ABCE306001C8D4F /* Debug */ = {
			isa = XCBuildConfiguration;
			buildSettings = {
				ALWAYS_EMBED_SWIFT_STANDARD_LIBRARIES = YES;
				BUNDLE_LOADER = "$(TEST_HOST)";
				CODE_SIGN_STYLE = Automatic;
				CURRENT_PROJECT_VERSION = 1;
				DEVELOPMENT_TEAM = ZQDMWA8UZ4;
				GENERATE_INFOPLIST_FILE = YES;
				IPHONEOS_DEPLOYMENT_TARGET = 16.4;
				MARKETING_VERSION = 1.0;
				PRODUCT_BUNDLE_IDENTIFIER = com.pz.PokeBookTests;
				PRODUCT_NAME = "$(TARGET_NAME)";
				SWIFT_EMIT_LOC_STRINGS = NO;
				SWIFT_VERSION = 5.0;
				TARGETED_DEVICE_FAMILY = "1,2";
				TEST_HOST = "$(BUILT_PRODUCTS_DIR)/PokeBook.app/$(BUNDLE_EXECUTABLE_FOLDER_PATH)/PokeBook";
			};
			name = Debug;
		};
		E90A118C2ABCE306001C8D4F /* Release */ = {
			isa = XCBuildConfiguration;
			buildSettings = {
				ALWAYS_EMBED_SWIFT_STANDARD_LIBRARIES = YES;
				BUNDLE_LOADER = "$(TEST_HOST)";
				CODE_SIGN_STYLE = Automatic;
				CURRENT_PROJECT_VERSION = 1;
				DEVELOPMENT_TEAM = ZQDMWA8UZ4;
				GENERATE_INFOPLIST_FILE = YES;
				IPHONEOS_DEPLOYMENT_TARGET = 16.4;
				MARKETING_VERSION = 1.0;
				PRODUCT_BUNDLE_IDENTIFIER = com.pz.PokeBookTests;
				PRODUCT_NAME = "$(TARGET_NAME)";
				SWIFT_EMIT_LOC_STRINGS = NO;
				SWIFT_VERSION = 5.0;
				TARGETED_DEVICE_FAMILY = "1,2";
				TEST_HOST = "$(BUILT_PRODUCTS_DIR)/PokeBook.app/$(BUNDLE_EXECUTABLE_FOLDER_PATH)/PokeBook";
			};
			name = Release;
		};
/* End XCBuildConfiguration section */

/* Begin XCConfigurationList section */
		E90A11582ABCE302001C8D4F /* Build configuration list for PBXProject "PokeBook" */ = {
			isa = XCConfigurationList;
			buildConfigurations = (
				E90A11852ABCE306001C8D4F /* Debug */,
				E90A11862ABCE306001C8D4F /* Release */,
			);
			defaultConfigurationIsVisible = 0;
			defaultConfigurationName = Release;
		};
		E90A11872ABCE306001C8D4F /* Build configuration list for PBXNativeTarget "PokeBook" */ = {
			isa = XCConfigurationList;
			buildConfigurations = (
				E90A11882ABCE306001C8D4F /* Debug */,
				E90A11892ABCE306001C8D4F /* Release */,
			);
			defaultConfigurationIsVisible = 0;
			defaultConfigurationName = Release;
		};
		E90A118A2ABCE306001C8D4F /* Build configuration list for PBXNativeTarget "PokeBookTests" */ = {
			isa = XCConfigurationList;
			buildConfigurations = (
				E90A118B2ABCE306001C8D4F /* Debug */,
				E90A118C2ABCE306001C8D4F /* Release */,
			);
			defaultConfigurationIsVisible = 0;
			defaultConfigurationName = Release;
		};
/* End XCConfigurationList section */

/* Begin XCRemoteSwiftPackageReference section */
		E90A11902ABCE386001C8D4F /* XCRemoteSwiftPackageReference "SnapKit" */ = {
			isa = XCRemoteSwiftPackageReference;
			repositoryURL = "https://github.com/SnapKit/SnapKit.git";
			requirement = {
				kind = upToNextMajorVersion;
				minimumVersion = 5.6.0;
			};
		};
		E90A11A32ABD00A3001C8D4F /* XCRemoteSwiftPackageReference "Alamofire" */ = {
			isa = XCRemoteSwiftPackageReference;
			repositoryURL = "https://github.com/Alamofire/Alamofire.git";
			requirement = {
				kind = upToNextMajorVersion;
				minimumVersion = 5.8.0;
			};
		};
		E90A11BA2ABF9EC7001C8D4F /* XCRemoteSwiftPackageReference "AlamofireImage" */ = {
			isa = XCRemoteSwiftPackageReference;
			repositoryURL = "https://github.com/Alamofire/AlamofireImage.git";
			requirement = {
				kind = upToNextMajorVersion;
				minimumVersion = 4.3.0;
			};
		};
		E9BDB86D2AC0DDC70051138B /* XCRemoteSwiftPackageReference "realm-swift" */ = {
			isa = XCRemoteSwiftPackageReference;
			repositoryURL = "https://github.com/realm/realm-swift.git";
			requirement = {
				kind = upToNextMajorVersion;
				minimumVersion = 10.42.3;
			};
		};
/* End XCRemoteSwiftPackageReference section */

/* Begin XCSwiftPackageProductDependency section */
		E90A11912ABCE386001C8D4F /* SnapKit */ = {
			isa = XCSwiftPackageProductDependency;
			package = E90A11902ABCE386001C8D4F /* XCRemoteSwiftPackageReference "SnapKit" */;
			productName = SnapKit;
		};
		E90A11A42ABD00A3001C8D4F /* Alamofire */ = {
			isa = XCSwiftPackageProductDependency;
			package = E90A11A32ABD00A3001C8D4F /* XCRemoteSwiftPackageReference "Alamofire" */;
			productName = Alamofire;
		};
		E90A11BB2ABF9EC7001C8D4F /* AlamofireImage */ = {
			isa = XCSwiftPackageProductDependency;
			package = E90A11BA2ABF9EC7001C8D4F /* XCRemoteSwiftPackageReference "AlamofireImage" */;
			productName = AlamofireImage;
		};
		E96144552AD2B438008176FB /* Realm */ = {
			isa = XCSwiftPackageProductDependency;
			package = E9BDB86D2AC0DDC70051138B /* XCRemoteSwiftPackageReference "realm-swift" */;
			productName = Realm;
		};
		E9BDB86E2AC0DDC70051138B /* Realm */ = {
			isa = XCSwiftPackageProductDependency;
			package = E9BDB86D2AC0DDC70051138B /* XCRemoteSwiftPackageReference "realm-swift" */;
			productName = Realm;
		};
		E9BDB8702AC0DDC70051138B /* RealmSwift */ = {
			isa = XCSwiftPackageProductDependency;
			package = E9BDB86D2AC0DDC70051138B /* XCRemoteSwiftPackageReference "realm-swift" */;
			productName = RealmSwift;
		};
/* End XCSwiftPackageProductDependency section */
	};
	rootObject = E90A11552ABCE302001C8D4F /* Project object */;
}
